
Microsoft Visual Studio Solution File, Format Version 12.00
# Visual Studio Version 17
VisualStudioVersion = 17.0.32112.339
MinimumVisualStudioVersion = 10.0.40219.1
Project("{9A19103F-16F7-4668-BE54-9A1E7A4F7556}") = "WeatherApp", "WeatherApp\WeatherApp.csproj", "{89D6E8CE-BEE7-4529-9D0C-54FE2010B1B9}"
EndProject
Global
	GlobalSection(SolutionConfigurationPlatforms) = preSolution
		Debug|Any CPU = Debug|Any CPU
		Release|Any CPU = Release|Any CPU
	EndGlobalSection
	GlobalSection(ProjectConfigurationPlatforms) = postSolution
		{89D6E8CE-BEE7-4529-9D0C-54FE2010B1B9}.Debug|Any CPU.ActiveCfg = Debug|Any CPU
		{89D6E8CE-BEE7-4529-9D0C-54FE2010B1B9}.Debug|Any CPU.Build.0 = Debug|Any CPU
		{89D6E8CE-BEE7-4529-9D0C-54FE2010B1B9}.Release|Any CPU.ActiveCfg = Release|Any CPU
		{89D6E8CE-BEE7-4529-9D0C-54FE2010B1B9}.Release|Any CPU.Build.0 = Release|Any CPU
	EndGlobalSection
	GlobalSection(SolutionProperties) = preSolution
		HideSolutionNode = FALSE
	EndGlobalSection
	GlobalSection(ExtensibilityGlobals) = postSolution
		SolutionGuid = {FFE1A6C7-431C-4302-BDB3-AFF5464BA0B8}
	EndGlobalSection
EndGlobal
