
Microsoft Visual Studio Solution File, Format Version 12.00
# Visual Studio Version 16
VisualStudioVersion = 16.0.30907.101
MinimumVisualStudioVersion = 10.0.40219.1
Project("{FAE04EC0-301F-11D3-BF4B-00C04F79EFBC}") = "Bank", "Bank.csproj", "{227081E3-43A8-47C0-BD9E-4DA90B62C8F5}"
EndProject
Project("{FAE04EC0-301F-11D3-BF4B-00C04F79EFBC}") = "BankTests", "..\BankTests\BankTests.csproj", "{0CBBE56F-16BC-466A-B326-BF54E5548C3A}"
EndProject
Global
	GlobalSection(SolutionConfigurationPlatforms) = preSolution
		Debug|Any CPU = Debug|Any CPU
		Release|Any CPU = Release|Any CPU
	EndGlobalSection
	GlobalSection(ProjectConfigurationPlatforms) = postSolution
		{227081E3-43A8-47C0-BD9E-4DA90B62C8F5}.Debug|Any CPU.ActiveCfg = Debug|Any CPU
		{227081E3-43A8-47C0-BD9E-4DA90B62C8F5}.Debug|Any CPU.Build.0 = Debug|Any CPU
		{227081E3-43A8-47C0-BD9E-4DA90B62C8F5}.Release|Any CPU.ActiveCfg = Release|Any CPU
		{227081E3-43A8-47C0-BD9E-4DA90B62C8F5}.Release|Any CPU.Build.0 = Release|Any CPU
		{0CBBE56F-16BC-466A-B326-BF54E5548C3A}.Debug|Any CPU.ActiveCfg = Debug|Any CPU
		{0CBBE56F-16BC-466A-B326-BF54E5548C3A}.Debug|Any CPU.Build.0 = Debug|Any CPU
		{0CBBE56F-16BC-466A-B326-BF54E5548C3A}.Release|Any CPU.ActiveCfg = Release|Any CPU
		{0CBBE56F-16BC-466A-B326-BF54E5548C3A}.Release|Any CPU.Build.0 = Release|Any CPU
	EndGlobalSection
	GlobalSection(SolutionProperties) = preSolution
		HideSolutionNode = FALSE
	EndGlobalSection
	GlobalSection(ExtensibilityGlobals) = postSolution
		SolutionGuid = {B0B4A5B7-1FAF-4027-9516-B51CCA4872BC}
	EndGlobalSection
EndGlobal
