
Microsoft Visual Studio Solution File, Format Version 12.00
# Visual Studio Version 16
VisualStudioVersion = 16.0.30907.101
MinimumVisualStudioVersion = 10.0.40219.1
Project("{FAE04EC0-301F-11D3-BF4B-00C04F79EFBC}") = "DelegatesAndEvents", "DelegatesAndEvents.csproj", "{409D61EF-9725-4FA9-9D2F-FD0B60259C0E}"
EndProject
Global
	GlobalSection(SolutionConfigurationPlatforms) = preSolution
		Debug|Any CPU = Debug|Any CPU
		Release|Any CPU = Release|Any CPU
	EndGlobalSection
	GlobalSection(ProjectConfigurationPlatforms) = postSolution
		{409D61EF-9725-4FA9-9D2F-FD0B60259C0E}.Debug|Any CPU.ActiveCfg = Debug|Any CPU
		{409D61EF-9725-4FA9-9D2F-FD0B60259C0E}.Debug|Any CPU.Build.0 = Debug|Any CPU
		{409D61EF-9725-4FA9-9D2F-FD0B60259C0E}.Release|Any CPU.ActiveCfg = Release|Any CPU
		{409D61EF-9725-4FA9-9D2F-FD0B60259C0E}.Release|Any CPU.Build.0 = Release|Any CPU
	EndGlobalSection
	GlobalSection(SolutionProperties) = preSolution
		HideSolutionNode = FALSE
	EndGlobalSection
	GlobalSection(ExtensibilityGlobals) = postSolution
		SolutionGuid = {01992423-321A-4D95-A9CB-E2E619467F49}
	EndGlobalSection
EndGlobal
