
Microsoft Visual Studio Solution File, Format Version 12.00
# Visual Studio Version 17
VisualStudioVersion = 17.1.32328.378
MinimumVisualStudioVersion = 10.0.40219.1
Project("{9A19103F-16F7-4668-BE54-9A1E7A4F7556}") = "TestWebApp", "TestWebApp\TestWebApp.csproj", "{97389F09-8093-490E-99AF-C199C92D9A88}"
EndProject
Project("{9A19103F-16F7-4668-BE54-9A1E7A4F7556}") = "ConsoleApp", "ConsoleApp\ConsoleApp.csproj", "{8D7BADE3-E03F-4149-B172-0145CC9601E6}"
EndProject
Project("{9A19103F-16F7-4668-BE54-9A1E7A4F7556}") = "CodeWars", "CodeWars\CodeWars.csproj", "{68BAC1C3-77D0-4F3E-BD92-88EFF810A081}"
EndProject
Project("{9A19103F-16F7-4668-BE54-9A1E7A4F7556}") = "Tests", "Tests\Tests.csproj", "{355309C0-83B3-4CC8-8467-3856594B8050}"
EndProject
Project("{FAE04EC0-301F-11D3-BF4B-00C04F79EFBC}") = "TestsLib", "TestsLib\TestsLib.csproj", "{8FA4A3B2-3C7C-4EDC-8A94-C62E49551535}"
EndProject
Global
	GlobalSection(SolutionConfigurationPlatforms) = preSolution
		Debug|Any CPU = Debug|Any CPU
		Release|Any CPU = Release|Any CPU
	EndGlobalSection
	GlobalSection(ProjectConfigurationPlatforms) = postSolution
		{97389F09-8093-490E-99AF-C199C92D9A88}.Debug|Any CPU.ActiveCfg = Debug|Any CPU
		{97389F09-8093-490E-99AF-C199C92D9A88}.Debug|Any CPU.Build.0 = Debug|Any CPU
		{97389F09-8093-490E-99AF-C199C92D9A88}.Release|Any CPU.ActiveCfg = Release|Any CPU
		{97389F09-8093-490E-99AF-C199C92D9A88}.Release|Any CPU.Build.0 = Release|Any CPU
		{8D7BADE3-E03F-4149-B172-0145CC9601E6}.Debug|Any CPU.ActiveCfg = Debug|Any CPU
		{8D7BADE3-E03F-4149-B172-0145CC9601E6}.Debug|Any CPU.Build.0 = Debug|Any CPU
		{8D7BADE3-E03F-4149-B172-0145CC9601E6}.Release|Any CPU.ActiveCfg = Release|Any CPU
		{8D7BADE3-E03F-4149-B172-0145CC9601E6}.Release|Any CPU.Build.0 = Release|Any CPU
		{68BAC1C3-77D0-4F3E-BD92-88EFF810A081}.Debug|Any CPU.ActiveCfg = Debug|Any CPU
		{68BAC1C3-77D0-4F3E-BD92-88EFF810A081}.Debug|Any CPU.Build.0 = Debug|Any CPU
		{68BAC1C3-77D0-4F3E-BD92-88EFF810A081}.Release|Any CPU.ActiveCfg = Release|Any CPU
		{68BAC1C3-77D0-4F3E-BD92-88EFF810A081}.Release|Any CPU.Build.0 = Release|Any CPU
		{355309C0-83B3-4CC8-8467-3856594B8050}.Debug|Any CPU.ActiveCfg = Debug|Any CPU
		{355309C0-83B3-4CC8-8467-3856594B8050}.Debug|Any CPU.Build.0 = Debug|Any CPU
		{355309C0-83B3-4CC8-8467-3856594B8050}.Release|Any CPU.ActiveCfg = Release|Any CPU
		{355309C0-83B3-4CC8-8467-3856594B8050}.Release|Any CPU.Build.0 = Release|Any CPU
		{8FA4A3B2-3C7C-4EDC-8A94-C62E49551535}.Debug|Any CPU.ActiveCfg = Debug|Any CPU
		{8FA4A3B2-3C7C-4EDC-8A94-C62E49551535}.Debug|Any CPU.Build.0 = Debug|Any CPU
		{8FA4A3B2-3C7C-4EDC-8A94-C62E49551535}.Release|Any CPU.ActiveCfg = Release|Any CPU
		{8FA4A3B2-3C7C-4EDC-8A94-C62E49551535}.Release|Any CPU.Build.0 = Release|Any CPU
	EndGlobalSection
	GlobalSection(SolutionProperties) = preSolution
		HideSolutionNode = FALSE
	EndGlobalSection
	GlobalSection(ExtensibilityGlobals) = postSolution
		SolutionGuid = {80010801-6856-4D1F-9731-4AD0E210A9EE}
	EndGlobalSection
EndGlobal
