
Microsoft Visual Studio Solution File, Format Version 12.00
# Visual Studio Version 16
VisualStudioVersion = 16.0.30907.101
MinimumVisualStudioVersion = 10.0.40219.1
Project("{FAE04EC0-301F-11D3-BF4B-00C04F79EFBC}") = "testcase", "testcase.csproj", "{F030ACBA-6AC6-461C-80C0-FB4B2ECB8515}"
EndProject
Project("{9A19103F-16F7-4668-BE54-9A1E7A4F7556}") = "ClassLibrary1", "..\ClassLibrary1\ClassLibrary1.csproj", "{7D02944F-252E-4649-AFFA-F36843F50EB9}"
EndProject
Project("{9A19103F-16F7-4668-BE54-9A1E7A4F7556}") = "Cars", "..\Cars\Cars.csproj", "{0F9216C1-6FDA-45FA-B2F1-4A2FFE08AB1E}"
EndProject
Global
	GlobalSection(SolutionConfigurationPlatforms) = preSolution
		Debug|Any CPU = Debug|Any CPU
		Release|Any CPU = Release|Any CPU
	EndGlobalSection
	GlobalSection(ProjectConfigurationPlatforms) = postSolution
		{F030ACBA-6AC6-461C-80C0-FB4B2ECB8515}.Debug|Any CPU.ActiveCfg = Debug|Any CPU
		{F030ACBA-6AC6-461C-80C0-FB4B2ECB8515}.Debug|Any CPU.Build.0 = Debug|Any CPU
		{F030ACBA-6AC6-461C-80C0-FB4B2ECB8515}.Release|Any CPU.ActiveCfg = Release|Any CPU
		{F030ACBA-6AC6-461C-80C0-FB4B2ECB8515}.Release|Any CPU.Build.0 = Release|Any CPU
		{7D02944F-252E-4649-AFFA-F36843F50EB9}.Debug|Any CPU.ActiveCfg = Debug|Any CPU
		{7D02944F-252E-4649-AFFA-F36843F50EB9}.Debug|Any CPU.Build.0 = Debug|Any CPU
		{7D02944F-252E-4649-AFFA-F36843F50EB9}.Release|Any CPU.ActiveCfg = Release|Any CPU
		{7D02944F-252E-4649-AFFA-F36843F50EB9}.Release|Any CPU.Build.0 = Release|Any CPU
		{0F9216C1-6FDA-45FA-B2F1-4A2FFE08AB1E}.Debug|Any CPU.ActiveCfg = Debug|Any CPU
		{0F9216C1-6FDA-45FA-B2F1-4A2FFE08AB1E}.Debug|Any CPU.Build.0 = Debug|Any CPU
		{0F9216C1-6FDA-45FA-B2F1-4A2FFE08AB1E}.Release|Any CPU.ActiveCfg = Release|Any CPU
		{0F9216C1-6FDA-45FA-B2F1-4A2FFE08AB1E}.Release|Any CPU.Build.0 = Release|Any CPU
	EndGlobalSection
	GlobalSection(SolutionProperties) = preSolution
		HideSolutionNode = FALSE
	EndGlobalSection
	GlobalSection(ExtensibilityGlobals) = postSolution
		SolutionGuid = {CB90AED7-DFD0-4EF0-AEEA-D62B05A6E4FD}
	EndGlobalSection
EndGlobal
