
Microsoft Visual Studio Solution File, Format Version 12.00
# Visual Studio Version 16
VisualStudioVersion = 16.0.30907.101
MinimumVisualStudioVersion = 10.0.40219.1
Project("{9A19103F-16F7-4668-BE54-9A1E7A4F7556}") = "Queries", "Queries.csproj", "{78E4347E-D0EF-4E6B-A02F-93A04A6C206F}"
EndProject
Project("{9A19103F-16F7-4668-BE54-9A1E7A4F7556}") = "LinqFeatures", "..\LinqFeatures\LinqFeatures.csproj", "{A2EBD598-500B-45D7-921B-700DCC0B052B}"
EndProject
Project("{9A19103F-16F7-4668-BE54-9A1E7A4F7556}") = "IntroLINQ", "..\IntroLINQ\IntroLINQ.csproj", "{4C7DF568-86EB-4BA8-92E3-241A16D1C7D1}"
EndProject
Project("{FAE04EC0-301F-11D3-BF4B-00C04F79EFBC}") = "Cars", "..\Cars\Cars.csproj", "{119AAE65-0FF4-484D-BD15-A2136DA0DEC1}"
EndProject
Global
	GlobalSection(SolutionConfigurationPlatforms) = preSolution
		Debug|Any CPU = Debug|Any CPU
		Release|Any CPU = Release|Any CPU
	EndGlobalSection
	GlobalSection(ProjectConfigurationPlatforms) = postSolution
		{78E4347E-D0EF-4E6B-A02F-93A04A6C206F}.Debug|Any CPU.ActiveCfg = Debug|Any CPU
		{78E4347E-D0EF-4E6B-A02F-93A04A6C206F}.Debug|Any CPU.Build.0 = Debug|Any CPU
		{78E4347E-D0EF-4E6B-A02F-93A04A6C206F}.Release|Any CPU.ActiveCfg = Release|Any CPU
		{78E4347E-D0EF-4E6B-A02F-93A04A6C206F}.Release|Any CPU.Build.0 = Release|Any CPU
		{A2EBD598-500B-45D7-921B-700DCC0B052B}.Debug|Any CPU.ActiveCfg = Debug|Any CPU
		{A2EBD598-500B-45D7-921B-700DCC0B052B}.Debug|Any CPU.Build.0 = Debug|Any CPU
		{A2EBD598-500B-45D7-921B-700DCC0B052B}.Release|Any CPU.ActiveCfg = Release|Any CPU
		{A2EBD598-500B-45D7-921B-700DCC0B052B}.Release|Any CPU.Build.0 = Release|Any CPU
		{4C7DF568-86EB-4BA8-92E3-241A16D1C7D1}.Debug|Any CPU.ActiveCfg = Debug|Any CPU
		{4C7DF568-86EB-4BA8-92E3-241A16D1C7D1}.Debug|Any CPU.Build.0 = Debug|Any CPU
		{4C7DF568-86EB-4BA8-92E3-241A16D1C7D1}.Release|Any CPU.ActiveCfg = Release|Any CPU
		{4C7DF568-86EB-4BA8-92E3-241A16D1C7D1}.Release|Any CPU.Build.0 = Release|Any CPU
		{119AAE65-0FF4-484D-BD15-A2136DA0DEC1}.Debug|Any CPU.ActiveCfg = Debug|Any CPU
		{119AAE65-0FF4-484D-BD15-A2136DA0DEC1}.Debug|Any CPU.Build.0 = Debug|Any CPU
		{119AAE65-0FF4-484D-BD15-A2136DA0DEC1}.Release|Any CPU.ActiveCfg = Release|Any CPU
		{119AAE65-0FF4-484D-BD15-A2136DA0DEC1}.Release|Any CPU.Build.0 = Release|Any CPU
	EndGlobalSection
	GlobalSection(SolutionProperties) = preSolution
		HideSolutionNode = FALSE
	EndGlobalSection
	GlobalSection(ExtensibilityGlobals) = postSolution
		SolutionGuid = {AFAEA6E2-1CF5-4FFD-BC9C-EDC668F4AD9B}
	EndGlobalSection
EndGlobal
