
Microsoft Visual Studio Solution File, Format Version 12.00
# Visual Studio Version 16
VisualStudioVersion = 16.0.30907.101
MinimumVisualStudioVersion = 10.0.40219.1
Project("{FAE04EC0-301F-11D3-BF4B-00C04F79EFBC}") = "ClassLibrary1", "ClassLibrary1.csproj", "{57B554CA-1C28-45A1-B6CC-40003A77B621}"
EndProject
Global
	GlobalSection(SolutionConfigurationPlatforms) = preSolution
		Debug|Any CPU = Debug|Any CPU
		Release|Any CPU = Release|Any CPU
	EndGlobalSection
	GlobalSection(ProjectConfigurationPlatforms) = postSolution
		{57B554CA-1C28-45A1-B6CC-40003A77B621}.Debug|Any CPU.ActiveCfg = Debug|Any CPU
		{57B554CA-1C28-45A1-B6CC-40003A77B621}.Debug|Any CPU.Build.0 = Debug|Any CPU
		{57B554CA-1C28-45A1-B6CC-40003A77B621}.Release|Any CPU.ActiveCfg = Release|Any CPU
		{57B554CA-1C28-45A1-B6CC-40003A77B621}.Release|Any CPU.Build.0 = Release|Any CPU
	EndGlobalSection
	GlobalSection(SolutionProperties) = preSolution
		HideSolutionNode = FALSE
	EndGlobalSection
	GlobalSection(ExtensibilityGlobals) = postSolution
		SolutionGuid = {724AFD36-7894-4F76-9CB5-48A6B40DDBA4}
	EndGlobalSection
EndGlobal
